
Microsoft Visual Studio Solution File, Format Version 12.00
# Visual Studio Version 17
VisualStudioVersion = 17.11.35303.130
MinimumVisualStudioVersion = 10.0.40219.1
Project("{54A90642-561A-4BB1-A94E-469ADEE60C69}") = "PrjAngular.GerenciamentoPessoal", "PrjAngular.GerenciamentoPessoal\PrjAngular.GerenciamentoPessoal.esproj", "{BB72F29C-0518-4D7B-A7B3-1B385897164B}"
EndProject
Project("{2150E333-8FDC-42A3-9474-1A3956D46DE8}") = "Portal", "Portal", "{44B329BC-B101-4D06-A646-577E003B2D6D}"
EndProject
Project("{2150E333-8FDC-42A3-9474-1A3956D46DE8}") = "API", "API", "{53263E03-399B-4557-B08F-0C06124D7E0B}"
EndProject
Project("{2150E333-8FDC-42A3-9474-1A3956D46DE8}") = "Application", "Application", "{1C5E6392-C993-4CD5-A5C3-5E86D04F16C6}"
EndProject
Project("{2150E333-8FDC-42A3-9474-1A3956D46DE8}") = "Domain", "Domain", "{FC0FF4EC-864E-4546-8024-2A7D8AE87D4B}"
EndProject
Project("{2150E333-8FDC-42A3-9474-1A3956D46DE8}") = "Infrastructure", "Infrastructure", "{F272AE6E-089E-4CB5-9995-F3AC3F7369AD}"
EndProject
Global
	GlobalSection(SolutionConfigurationPlatforms) = preSolution
		Debug|Any CPU = Debug|Any CPU
		Release|Any CPU = Release|Any CPU
	EndGlobalSection
	GlobalSection(ProjectConfigurationPlatforms) = postSolution
		{BB72F29C-0518-4D7B-A7B3-1B385897164B}.Debug|Any CPU.ActiveCfg = Debug|Any CPU
		{BB72F29C-0518-4D7B-A7B3-1B385897164B}.Debug|Any CPU.Build.0 = Debug|Any CPU
		{BB72F29C-0518-4D7B-A7B3-1B385897164B}.Debug|Any CPU.Deploy.0 = Debug|Any CPU
		{BB72F29C-0518-4D7B-A7B3-1B385897164B}.Release|Any CPU.ActiveCfg = Release|Any CPU
		{BB72F29C-0518-4D7B-A7B3-1B385897164B}.Release|Any CPU.Build.0 = Release|Any CPU
		{BB72F29C-0518-4D7B-A7B3-1B385897164B}.Release|Any CPU.Deploy.0 = Release|Any CPU
	EndGlobalSection
	GlobalSection(SolutionProperties) = preSolution
		HideSolutionNode = FALSE
	EndGlobalSection
	GlobalSection(NestedProjects) = preSolution
		{BB72F29C-0518-4D7B-A7B3-1B385897164B} = {44B329BC-B101-4D06-A646-577E003B2D6D}
	EndGlobalSection
	GlobalSection(ExtensibilityGlobals) = postSolution
		SolutionGuid = {CD50E3A3-4338-4405-A201-D0E8154241B3}
	EndGlobalSection
EndGlobal
